
Microsoft Visual Studio Solution File, Format Version 12.00
# Visual Studio 2013
VisualStudioVersion = 12.0.21005.1
MinimumVisualStudioVersion = 10.0.40219.1
Project("{8BC9CEB8-8B4A-11D0-8D11-00A0C91BC942}") = "KSJDemoVC_Base", "KSJDemoVC_Base\KSJDemoVC_Base.vcxproj", "{BB9B5357-154F-43D3-AB53-11DCAF88957D}"
EndProject
Project("{8BC9CEB8-8B4A-11D0-8D11-00A0C91BC942}") = "KSJDemoVC_16Bits", "KSJDemoVC_16Bits\KSJDemoVC_16Bits.vcxproj", "{FFDD0628-338E-4844-B6DA-B918EFA13DFD}"
EndProject
Project("{8BC9CEB8-8B4A-11D0-8D11-00A0C91BC942}") = "KSJDemoVC_AWAIBA", "KSJDemoVC_AWAIBA\KSJDemoVC_AWAIBA.vcxproj", "{C8026E27-4336-40A1-A008-9F697DE57688}"
EndProject
Project("{8BC9CEB8-8B4A-11D0-8D11-00A0C91BC942}") = "KSJDemoVC_Callback", "KSJDemoVC_Callback\KSJDemoVC_Callback.vcxproj", "{836215BA-5174-4862-973B-76ABE783FA6C}"
EndProject
Project("{8BC9CEB8-8B4A-11D0-8D11-00A0C91BC942}") = "KSJDemoVC_Companding", "KSJDemoVC_Companding\KSJDemoVC_Lut.vcxproj", "{8DD7B5AC-39E0-4103-9389-B032BF352199}"
EndProject
Project("{8BC9CEB8-8B4A-11D0-8D11-00A0C91BC942}") = "KSJDemoVC_Custom", "KSJDemoVC_Custom\KSJDemoVC_Custom.vcxproj", "{EA680340-1EF6-4310-8E04-3389A92C5CD9}"
EndProject
Project("{8BC9CEB8-8B4A-11D0-8D11-00A0C91BC942}") = "KSJDemoVC_Image", "KSJDemoVC_Image\KSJDemoVC_Image.vcxproj", "{6163201B-CC4C-477C-BDDC-FD15F037FF1D}"
EndProject
Project("{8BC9CEB8-8B4A-11D0-8D11-00A0C91BC942}") = "KSJDemoVC_Io", "KSJDemoVC_Io\KSJDemoVC_Io.vcxproj", "{9F6A2EE4-57F9-4B6B-BBE3-704EC3150582}"
EndProject
Project("{8BC9CEB8-8B4A-11D0-8D11-00A0C91BC942}") = "KSJDemoVC_Matrix", "KSJDemoVC_Matrix\KSJDemoVC_Matrix.vcxproj", "{152A6678-0BE7-4C59-AFCF-52CB625CE155}"
EndProject
Project("{8BC9CEB8-8B4A-11D0-8D11-00A0C91BC942}") = "KSJDemoVC_MultiCameras", "KSJDemoVC_MultiCameras\KSJDemoVC_MultiCameras.vcxproj", "{1632DA9F-179C-4F02-AD94-E656ACB7B0C2}"
EndProject
Project("{8BC9CEB8-8B4A-11D0-8D11-00A0C91BC942}") = "KSJDemoVC_MultiCameras_TriggerMode", "KSJDemoVC_MultiCameras_TriggerMode\KSJDemoVC_MultiCameras_TriggerMode.vcxproj", "{556B1973-EBA7-431A-B37A-9DD73E03FFEF}"
EndProject
Project("{8BC9CEB8-8B4A-11D0-8D11-00A0C91BC942}") = "KSJDemoVC_MultiFrames", "KSJDemoVC_MultiFrames\KSJDemoVC_MultiFrames.vcxproj", "{FCD39128-E3A7-4FB3-A848-325688D218F3}"
EndProject
Project("{8BC9CEB8-8B4A-11D0-8D11-00A0C91BC942}") = "KSJDemoVC_MultiProcess", "KSJDemoVC_MultiProcess\KSJDemoVC_MultiProcess.vcxproj", "{F575FEA0-0736-40EC-BCF1-231D38B435DF}"
EndProject
Project("{8BC9CEB8-8B4A-11D0-8D11-00A0C91BC942}") = "KSJDemoVC_Record", "KSJDemoVC_Record\KSJDemoVC_Record.vcxproj", "{7D0D6A43-9AC2-4F78-8611-8AF068E44786}"
EndProject
Project("{8BC9CEB8-8B4A-11D0-8D11-00A0C91BC942}") = "KSJDemoVC_TriggerMode", "KSJDemoVC_TriggerMode\KSJDemoVC_TriggerMode.vcxproj", "{273B0161-E0D4-4DDA-865C-886A0A4DCD5A}"
EndProject
Project("{8BC9CEB8-8B4A-11D0-8D11-00A0C91BC942}") = "KSJDemoVC_UserZone", "KSJDemoVC_UserZone\KSJDemoVC_UserZone.vcxproj", "{82B3BD39-40F2-4BE8-9574-D062BA6E1845}"
EndProject
Project("{8BC9CEB8-8B4A-11D0-8D11-00A0C91BC942}") = "KSJDemoVC_WaterMark", "KSJDemoVC_WaterMark\KSJDemoVC_WaterMark.vcxproj", "{F76E3358-1FE3-46FF-989D-9EFD51111C08}"
EndProject
Project("{8BC9CEB8-8B4A-11D0-8D11-00A0C91BC942}") = "KSJDemoVC_3A", "KSJDemoVC_3A\KSJDemoVC_3A.vcxproj", "{3F250A22-3C1A-427C-B585-6FA8A517FE97}"
EndProject
Global
	GlobalSection(SolutionConfigurationPlatforms) = preSolution
		Debug|Win32 = Debug|Win32
		Debug|x64 = Debug|x64
		Release|Win32 = Release|Win32
		Release|x64 = Release|x64
	EndGlobalSection
	GlobalSection(ProjectConfigurationPlatforms) = postSolution
		{BB9B5357-154F-43D3-AB53-11DCAF88957D}.Debug|Win32.ActiveCfg = Debug|Win32
		{BB9B5357-154F-43D3-AB53-11DCAF88957D}.Debug|Win32.Build.0 = Debug|Win32
		{BB9B5357-154F-43D3-AB53-11DCAF88957D}.Debug|x64.ActiveCfg = Debug|x64
		{BB9B5357-154F-43D3-AB53-11DCAF88957D}.Debug|x64.Build.0 = Debug|x64
		{BB9B5357-154F-43D3-AB53-11DCAF88957D}.Release|Win32.ActiveCfg = Release|Win32
		{BB9B5357-154F-43D3-AB53-11DCAF88957D}.Release|Win32.Build.0 = Release|Win32
		{BB9B5357-154F-43D3-AB53-11DCAF88957D}.Release|x64.ActiveCfg = Release|x64
		{BB9B5357-154F-43D3-AB53-11DCAF88957D}.Release|x64.Build.0 = Release|x64
		{FFDD0628-338E-4844-B6DA-B918EFA13DFD}.Debug|Win32.ActiveCfg = Debug|Win32
		{FFDD0628-338E-4844-B6DA-B918EFA13DFD}.Debug|Win32.Build.0 = Debug|Win32
		{FFDD0628-338E-4844-B6DA-B918EFA13DFD}.Debug|x64.ActiveCfg = Debug|x64
		{FFDD0628-338E-4844-B6DA-B918EFA13DFD}.Debug|x64.Build.0 = Debug|x64
		{FFDD0628-338E-4844-B6DA-B918EFA13DFD}.Release|Win32.ActiveCfg = Release|Win32
		{FFDD0628-338E-4844-B6DA-B918EFA13DFD}.Release|Win32.Build.0 = Release|Win32
		{FFDD0628-338E-4844-B6DA-B918EFA13DFD}.Release|x64.ActiveCfg = Release|x64
		{FFDD0628-338E-4844-B6DA-B918EFA13DFD}.Release|x64.Build.0 = Release|x64
		{C8026E27-4336-40A1-A008-9F697DE57688}.Debug|Win32.ActiveCfg = Debug|Win32
		{C8026E27-4336-40A1-A008-9F697DE57688}.Debug|Win32.Build.0 = Debug|Win32
		{C8026E27-4336-40A1-A008-9F697DE57688}.Debug|x64.ActiveCfg = Debug|x64
		{C8026E27-4336-40A1-A008-9F697DE57688}.Debug|x64.Build.0 = Debug|x64
		{C8026E27-4336-40A1-A008-9F697DE57688}.Release|Win32.ActiveCfg = Release|Win32
		{C8026E27-4336-40A1-A008-9F697DE57688}.Release|Win32.Build.0 = Release|Win32
		{C8026E27-4336-40A1-A008-9F697DE57688}.Release|x64.ActiveCfg = Release|x64
		{C8026E27-4336-40A1-A008-9F697DE57688}.Release|x64.Build.0 = Release|x64
		{836215BA-5174-4862-973B-76ABE783FA6C}.Debug|Win32.ActiveCfg = Debug|Win32
		{836215BA-5174-4862-973B-76ABE783FA6C}.Debug|Win32.Build.0 = Debug|Win32
		{836215BA-5174-4862-973B-76ABE783FA6C}.Debug|x64.ActiveCfg = Debug|x64
		{836215BA-5174-4862-973B-76ABE783FA6C}.Debug|x64.Build.0 = Debug|x64
		{836215BA-5174-4862-973B-76ABE783FA6C}.Release|Win32.ActiveCfg = Release|Win32
		{836215BA-5174-4862-973B-76ABE783FA6C}.Release|Win32.Build.0 = Release|Win32
		{836215BA-5174-4862-973B-76ABE783FA6C}.Release|x64.ActiveCfg = Release|x64
		{836215BA-5174-4862-973B-76ABE783FA6C}.Release|x64.Build.0 = Release|x64
		{8DD7B5AC-39E0-4103-9389-B032BF352199}.Debug|Win32.ActiveCfg = Debug|Win32
		{8DD7B5AC-39E0-4103-9389-B032BF352199}.Debug|Win32.Build.0 = Debug|Win32
		{8DD7B5AC-39E0-4103-9389-B032BF352199}.Debug|x64.ActiveCfg = Debug|x64
		{8DD7B5AC-39E0-4103-9389-B032BF352199}.Debug|x64.Build.0 = Debug|x64
		{8DD7B5AC-39E0-4103-9389-B032BF352199}.Release|Win32.ActiveCfg = Release|Win32
		{8DD7B5AC-39E0-4103-9389-B032BF352199}.Release|Win32.Build.0 = Release|Win32
		{8DD7B5AC-39E0-4103-9389-B032BF352199}.Release|x64.ActiveCfg = Release|x64
		{8DD7B5AC-39E0-4103-9389-B032BF352199}.Release|x64.Build.0 = Release|x64
		{EA680340-1EF6-4310-8E04-3389A92C5CD9}.Debug|Win32.ActiveCfg = Debug|Win32
		{EA680340-1EF6-4310-8E04-3389A92C5CD9}.Debug|Win32.Build.0 = Debug|Win32
		{EA680340-1EF6-4310-8E04-3389A92C5CD9}.Debug|x64.ActiveCfg = Debug|x64
		{EA680340-1EF6-4310-8E04-3389A92C5CD9}.Debug|x64.Build.0 = Debug|x64
		{EA680340-1EF6-4310-8E04-3389A92C5CD9}.Release|Win32.ActiveCfg = Release|Win32
		{EA680340-1EF6-4310-8E04-3389A92C5CD9}.Release|Win32.Build.0 = Release|Win32
		{EA680340-1EF6-4310-8E04-3389A92C5CD9}.Release|x64.ActiveCfg = Release|x64
		{EA680340-1EF6-4310-8E04-3389A92C5CD9}.Release|x64.Build.0 = Release|x64
		{6163201B-CC4C-477C-BDDC-FD15F037FF1D}.Debug|Win32.ActiveCfg = Debug|Win32
		{6163201B-CC4C-477C-BDDC-FD15F037FF1D}.Debug|Win32.Build.0 = Debug|Win32
		{6163201B-CC4C-477C-BDDC-FD15F037FF1D}.Debug|x64.ActiveCfg = Debug|x64
		{6163201B-CC4C-477C-BDDC-FD15F037FF1D}.Debug|x64.Build.0 = Debug|x64
		{6163201B-CC4C-477C-BDDC-FD15F037FF1D}.Release|Win32.ActiveCfg = Release|Win32
		{6163201B-CC4C-477C-BDDC-FD15F037FF1D}.Release|Win32.Build.0 = Release|Win32
		{6163201B-CC4C-477C-BDDC-FD15F037FF1D}.Release|x64.ActiveCfg = Release|x64
		{6163201B-CC4C-477C-BDDC-FD15F037FF1D}.Release|x64.Build.0 = Release|x64
		{9F6A2EE4-57F9-4B6B-BBE3-704EC3150582}.Debug|Win32.ActiveCfg = Debug|Win32
		{9F6A2EE4-57F9-4B6B-BBE3-704EC3150582}.Debug|Win32.Build.0 = Debug|Win32
		{9F6A2EE4-57F9-4B6B-BBE3-704EC3150582}.Debug|x64.ActiveCfg = Debug|x64
		{9F6A2EE4-57F9-4B6B-BBE3-704EC3150582}.Debug|x64.Build.0 = Debug|x64
		{9F6A2EE4-57F9-4B6B-BBE3-704EC3150582}.Release|Win32.ActiveCfg = Release|Win32
		{9F6A2EE4-57F9-4B6B-BBE3-704EC3150582}.Release|Win32.Build.0 = Release|Win32
		{9F6A2EE4-57F9-4B6B-BBE3-704EC3150582}.Release|x64.ActiveCfg = Release|x64
		{9F6A2EE4-57F9-4B6B-BBE3-704EC3150582}.Release|x64.Build.0 = Release|x64
		{152A6678-0BE7-4C59-AFCF-52CB625CE155}.Debug|Win32.ActiveCfg = Debug|Win32
		{152A6678-0BE7-4C59-AFCF-52CB625CE155}.Debug|Win32.Build.0 = Debug|Win32
		{152A6678-0BE7-4C59-AFCF-52CB625CE155}.Debug|x64.ActiveCfg = Debug|x64
		{152A6678-0BE7-4C59-AFCF-52CB625CE155}.Debug|x64.Build.0 = Debug|x64
		{152A6678-0BE7-4C59-AFCF-52CB625CE155}.Release|Win32.ActiveCfg = Release|Win32
		{152A6678-0BE7-4C59-AFCF-52CB625CE155}.Release|Win32.Build.0 = Release|Win32
		{152A6678-0BE7-4C59-AFCF-52CB625CE155}.Release|x64.ActiveCfg = Release|x64
		{152A6678-0BE7-4C59-AFCF-52CB625CE155}.Release|x64.Build.0 = Release|x64
		{1632DA9F-179C-4F02-AD94-E656ACB7B0C2}.Debug|Win32.ActiveCfg = Debug|Win32
		{1632DA9F-179C-4F02-AD94-E656ACB7B0C2}.Debug|Win32.Build.0 = Debug|Win32
		{1632DA9F-179C-4F02-AD94-E656ACB7B0C2}.Debug|x64.ActiveCfg = Debug|x64
		{1632DA9F-179C-4F02-AD94-E656ACB7B0C2}.Debug|x64.Build.0 = Debug|x64
		{1632DA9F-179C-4F02-AD94-E656ACB7B0C2}.Release|Win32.ActiveCfg = Release|Win32
		{1632DA9F-179C-4F02-AD94-E656ACB7B0C2}.Release|Win32.Build.0 = Release|Win32
		{1632DA9F-179C-4F02-AD94-E656ACB7B0C2}.Release|x64.ActiveCfg = Release|x64
		{1632DA9F-179C-4F02-AD94-E656ACB7B0C2}.Release|x64.Build.0 = Release|x64
		{556B1973-EBA7-431A-B37A-9DD73E03FFEF}.Debug|Win32.ActiveCfg = Debug|Win32
		{556B1973-EBA7-431A-B37A-9DD73E03FFEF}.Debug|Win32.Build.0 = Debug|Win32
		{556B1973-EBA7-431A-B37A-9DD73E03FFEF}.Debug|x64.ActiveCfg = Debug|x64
		{556B1973-EBA7-431A-B37A-9DD73E03FFEF}.Debug|x64.Build.0 = Debug|x64
		{556B1973-EBA7-431A-B37A-9DD73E03FFEF}.Release|Win32.ActiveCfg = Release|Win32
		{556B1973-EBA7-431A-B37A-9DD73E03FFEF}.Release|Win32.Build.0 = Release|Win32
		{556B1973-EBA7-431A-B37A-9DD73E03FFEF}.Release|x64.ActiveCfg = Release|x64
		{556B1973-EBA7-431A-B37A-9DD73E03FFEF}.Release|x64.Build.0 = Release|x64
		{FCD39128-E3A7-4FB3-A848-325688D218F3}.Debug|Win32.ActiveCfg = Debug|Win32
		{FCD39128-E3A7-4FB3-A848-325688D218F3}.Debug|Win32.Build.0 = Debug|Win32
		{FCD39128-E3A7-4FB3-A848-325688D218F3}.Debug|x64.ActiveCfg = Debug|x64
		{FCD39128-E3A7-4FB3-A848-325688D218F3}.Debug|x64.Build.0 = Debug|x64
		{FCD39128-E3A7-4FB3-A848-325688D218F3}.Release|Win32.ActiveCfg = Release|Win32
		{FCD39128-E3A7-4FB3-A848-325688D218F3}.Release|Win32.Build.0 = Release|Win32
		{FCD39128-E3A7-4FB3-A848-325688D218F3}.Release|x64.ActiveCfg = Release|x64
		{FCD39128-E3A7-4FB3-A848-325688D218F3}.Release|x64.Build.0 = Release|x64
		{F575FEA0-0736-40EC-BCF1-231D38B435DF}.Debug|Win32.ActiveCfg = Debug|Win32
		{F575FEA0-0736-40EC-BCF1-231D38B435DF}.Debug|Win32.Build.0 = Debug|Win32
		{F575FEA0-0736-40EC-BCF1-231D38B435DF}.Debug|x64.ActiveCfg = Debug|x64
		{F575FEA0-0736-40EC-BCF1-231D38B435DF}.Debug|x64.Build.0 = Debug|x64
		{F575FEA0-0736-40EC-BCF1-231D38B435DF}.Release|Win32.ActiveCfg = Release|Win32
		{F575FEA0-0736-40EC-BCF1-231D38B435DF}.Release|Win32.Build.0 = Release|Win32
		{F575FEA0-0736-40EC-BCF1-231D38B435DF}.Release|x64.ActiveCfg = Release|x64
		{F575FEA0-0736-40EC-BCF1-231D38B435DF}.Release|x64.Build.0 = Release|x64
		{7D0D6A43-9AC2-4F78-8611-8AF068E44786}.Debug|Win32.ActiveCfg = Debug|Win32
		{7D0D6A43-9AC2-4F78-8611-8AF068E44786}.Debug|Win32.Build.0 = Debug|Win32
		{7D0D6A43-9AC2-4F78-8611-8AF068E44786}.Debug|x64.ActiveCfg = Debug|x64
		{7D0D6A43-9AC2-4F78-8611-8AF068E44786}.Debug|x64.Build.0 = Debug|x64
		{7D0D6A43-9AC2-4F78-8611-8AF068E44786}.Release|Win32.ActiveCfg = Release|Win32
		{7D0D6A43-9AC2-4F78-8611-8AF068E44786}.Release|Win32.Build.0 = Release|Win32
		{7D0D6A43-9AC2-4F78-8611-8AF068E44786}.Release|x64.ActiveCfg = Release|x64
		{7D0D6A43-9AC2-4F78-8611-8AF068E44786}.Release|x64.Build.0 = Release|x64
		{273B0161-E0D4-4DDA-865C-886A0A4DCD5A}.Debug|Win32.ActiveCfg = Debug|Win32
		{273B0161-E0D4-4DDA-865C-886A0A4DCD5A}.Debug|Win32.Build.0 = Debug|Win32
		{273B0161-E0D4-4DDA-865C-886A0A4DCD5A}.Debug|x64.ActiveCfg = Debug|x64
		{273B0161-E0D4-4DDA-865C-886A0A4DCD5A}.Debug|x64.Build.0 = Debug|x64
		{273B0161-E0D4-4DDA-865C-886A0A4DCD5A}.Release|Win32.ActiveCfg = Release|Win32
		{273B0161-E0D4-4DDA-865C-886A0A4DCD5A}.Release|Win32.Build.0 = Release|Win32
		{273B0161-E0D4-4DDA-865C-886A0A4DCD5A}.Release|x64.ActiveCfg = Release|x64
		{273B0161-E0D4-4DDA-865C-886A0A4DCD5A}.Release|x64.Build.0 = Release|x64
		{82B3BD39-40F2-4BE8-9574-D062BA6E1845}.Debug|Win32.ActiveCfg = Debug|Win32
		{82B3BD39-40F2-4BE8-9574-D062BA6E1845}.Debug|Win32.Build.0 = Debug|Win32
		{82B3BD39-40F2-4BE8-9574-D062BA6E1845}.Debug|x64.ActiveCfg = Debug|x64
		{82B3BD39-40F2-4BE8-9574-D062BA6E1845}.Debug|x64.Build.0 = Debug|x64
		{82B3BD39-40F2-4BE8-9574-D062BA6E1845}.Release|Win32.ActiveCfg = Release|Win32
		{82B3BD39-40F2-4BE8-9574-D062BA6E1845}.Release|Win32.Build.0 = Release|Win32
		{82B3BD39-40F2-4BE8-9574-D062BA6E1845}.Release|x64.ActiveCfg = Release|x64
		{82B3BD39-40F2-4BE8-9574-D062BA6E1845}.Release|x64.Build.0 = Release|x64
		{F76E3358-1FE3-46FF-989D-9EFD51111C08}.Debug|Win32.ActiveCfg = Debug|Win32
		{F76E3358-1FE3-46FF-989D-9EFD51111C08}.Debug|Win32.Build.0 = Debug|Win32
		{F76E3358-1FE3-46FF-989D-9EFD51111C08}.Debug|x64.ActiveCfg = Debug|x64
		{F76E3358-1FE3-46FF-989D-9EFD51111C08}.Debug|x64.Build.0 = Debug|x64
		{F76E3358-1FE3-46FF-989D-9EFD51111C08}.Release|Win32.ActiveCfg = Release|Win32
		{F76E3358-1FE3-46FF-989D-9EFD51111C08}.Release|Win32.Build.0 = Release|Win32
		{F76E3358-1FE3-46FF-989D-9EFD51111C08}.Release|x64.ActiveCfg = Release|x64
		{F76E3358-1FE3-46FF-989D-9EFD51111C08}.Release|x64.Build.0 = Release|x64
		{3F250A22-3C1A-427C-B585-6FA8A517FE97}.Debug|Win32.ActiveCfg = Debug|Win32
		{3F250A22-3C1A-427C-B585-6FA8A517FE97}.Debug|Win32.Build.0 = Debug|Win32
		{3F250A22-3C1A-427C-B585-6FA8A517FE97}.Debug|x64.ActiveCfg = Debug|x64
		{3F250A22-3C1A-427C-B585-6FA8A517FE97}.Debug|x64.Build.0 = Debug|x64
		{3F250A22-3C1A-427C-B585-6FA8A517FE97}.Release|Win32.ActiveCfg = Release|Win32
		{3F250A22-3C1A-427C-B585-6FA8A517FE97}.Release|Win32.Build.0 = Release|Win32
		{3F250A22-3C1A-427C-B585-6FA8A517FE97}.Release|x64.ActiveCfg = Release|x64
		{3F250A22-3C1A-427C-B585-6FA8A517FE97}.Release|x64.Build.0 = Release|x64
	EndGlobalSection
	GlobalSection(SolutionProperties) = preSolution
		HideSolutionNode = FALSE
	EndGlobalSection
EndGlobal
