<?xml version="1.0" encoding="utf-8"?>
<Project ToolsVersion="12.0" xmlns="http://schemas.microsoft.com/developer/msbuild/2003">
  <ItemGroup>
    <ClCompile Include="..\common\KSJ_GS.cpp" />
    <ClCompile Include="main.cpp" />
    <ClCompile Include="GeneratedFiles\Debug\moc_KSJDemoQT_3A.cpp">
      <Filter>Generated Files\Debug</Filter>
    </ClCompile>
    <ClCompile Include="GeneratedFiles\Release\moc_KSJDemoQT_3A.cpp">
      <Filter>Generated Files\Release</Filter>
    </ClCompile>
    <ClCompile Include="GeneratedFiles\qrc_KSJDemoQT_3A.cpp">
      <Filter>Generated Files</Filter>
    </ClCompile>
    <ClCompile Include="KSJDemoQT_3A.cpp" />
  </ItemGroup>
  <ItemGroup>
    <ClInclude Include="..\common\KSJ_GS.H" />
    <ClInclude Include="GeneratedFiles\ui_KSJDemoQT_3A.h">
      <Filter>Generated Files</Filter>
    </ClInclude>
  </ItemGroup>
  <ItemGroup>
    <Filter Include="Generated Files">
      <UniqueIdentifier>{71ED8ED8-ACB9-4CE9-BBE1-E00B30144E11}</UniqueIdentifier>
      <Extensions>moc;h;cpp</Extensions>
      <ParseFiles>true</ParseFiles>
    </Filter>
    <Filter Include="Generated Files\Debug">
      <UniqueIdentifier>{217c3586-3064-4551-8ca5-dcecce55f8d1}</UniqueIdentifier>
      <Extensions>cpp;moc</Extensions>
      <SourceControlFiles>False</SourceControlFiles>
    </Filter>
    <Filter Include="Generated Files\Release">
      <UniqueIdentifier>{30dcf07a-2883-454e-a7c4-00c3f70406fb}</UniqueIdentifier>
      <Extensions>cpp;moc</Extensions>
      <SourceControlFiles>False</SourceControlFiles>
    </Filter>
    <Filter Include="Resource Files">
      <UniqueIdentifier>{D9D6E242-F8AF-46E4-B9FD-80ECBC20BA3E}</UniqueIdentifier>
      <Extensions>qrc;*</Extensions>
      <ParseFiles>false</ParseFiles>
    </Filter>
    <Filter Include="Form Files">
      <UniqueIdentifier>{99349809-55BA-4b9d-BF79-8FDBB0286EB3}</UniqueIdentifier>
      <Extensions>ui</Extensions>
      <ParseFiles>true</ParseFiles>
    </Filter>
  </ItemGroup>
  <ItemGroup>
    <CustomBuild Include="KSJDemoQT_3A.qrc">
      <Filter>Resource Files</Filter>
    </CustomBuild>
    <CustomBuild Include="KSJDemoQT_3A.ui" />
    <CustomBuild Include="KSJDemoQT_3A.h" />
  </ItemGroup>
</Project>